
Microsoft Visual Studio Solution File, Format Version 12.00
# Visual Studio Version 17
VisualStudioVersion = 17.4.33103.184
MinimumVisualStudioVersion = 10.0.40219.1
Project("{FAE04EC0-301F-11D3-BF4B-00C04F79EFBC}") = "SystemEnterprise.Api", "SystemEnterprise.Api\SystemEnterprise.Api.csproj", "{C7CF0C9C-8A90-43DC-8227-66C7D9511A7E}"
EndProject
Project("{FAE04EC0-301F-11D3-BF4B-00C04F79EFBC}") = "SystemEnterprise.Api.Infrastructure.Build", "SystemEnterprise.Api.Infrastructure.Build\SystemEnterprise.Api.Infrastructure.Build.csproj", "{256B15D5-8F51-4D02-A5E8-E6F7490422B3}"
EndProject
Project("{FAE04EC0-301F-11D3-BF4B-00C04F79EFBC}") = "SystemEnterprise.Api.Infrastructure.Provision", "SystemEnterprise.Api.Infrastructure.Provision\SystemEnterprise.Api.Infrastructure.Provision.csproj", "{857B7A9D-A0D5-41D1-AE61-6CC9F01B44EE}"
EndProject
Project("{FAE04EC0-301F-11D3-BF4B-00C04F79EFBC}") = "SystemEnterprise.Api.Tests.Unit", "SystemEnterprise.Api.Tests.Unit\SystemEnterprise.Api.Tests.Unit.csproj", "{C2D00BCE-DED0-468A-BB6B-F56429E07953}"
EndProject
Project("{FAE04EC0-301F-11D3-BF4B-00C04F79EFBC}") = "SystemEnterprise.Api.Tests.Acceptance", "SystemEnterprise.Api.Tests.Acceptance\SystemEnterprise.Api.Tests.Acceptance.csproj", "{7AD0DE87-15F2-493A-98BF-184C4FCC154A}"
EndProject
Global
	GlobalSection(SolutionConfigurationPlatforms) = preSolution
		Debug|Any CPU = Debug|Any CPU
		Release|Any CPU = Release|Any CPU
	EndGlobalSection
	GlobalSection(ProjectConfigurationPlatforms) = postSolution
		{C7CF0C9C-8A90-43DC-8227-66C7D9511A7E}.Debug|Any CPU.ActiveCfg = Debug|Any CPU
		{C7CF0C9C-8A90-43DC-8227-66C7D9511A7E}.Debug|Any CPU.Build.0 = Debug|Any CPU
		{C7CF0C9C-8A90-43DC-8227-66C7D9511A7E}.Release|Any CPU.ActiveCfg = Release|Any CPU
		{C7CF0C9C-8A90-43DC-8227-66C7D9511A7E}.Release|Any CPU.Build.0 = Release|Any CPU
		{256B15D5-8F51-4D02-A5E8-E6F7490422B3}.Debug|Any CPU.ActiveCfg = Debug|Any CPU
		{256B15D5-8F51-4D02-A5E8-E6F7490422B3}.Debug|Any CPU.Build.0 = Debug|Any CPU
		{256B15D5-8F51-4D02-A5E8-E6F7490422B3}.Release|Any CPU.ActiveCfg = Release|Any CPU
		{256B15D5-8F51-4D02-A5E8-E6F7490422B3}.Release|Any CPU.Build.0 = Release|Any CPU
		{857B7A9D-A0D5-41D1-AE61-6CC9F01B44EE}.Debug|Any CPU.ActiveCfg = Debug|Any CPU
		{857B7A9D-A0D5-41D1-AE61-6CC9F01B44EE}.Debug|Any CPU.Build.0 = Debug|Any CPU
		{857B7A9D-A0D5-41D1-AE61-6CC9F01B44EE}.Release|Any CPU.ActiveCfg = Release|Any CPU
		{857B7A9D-A0D5-41D1-AE61-6CC9F01B44EE}.Release|Any CPU.Build.0 = Release|Any CPU
		{C2D00BCE-DED0-468A-BB6B-F56429E07953}.Debug|Any CPU.ActiveCfg = Debug|Any CPU
		{C2D00BCE-DED0-468A-BB6B-F56429E07953}.Debug|Any CPU.Build.0 = Debug|Any CPU
		{C2D00BCE-DED0-468A-BB6B-F56429E07953}.Release|Any CPU.ActiveCfg = Release|Any CPU
		{C2D00BCE-DED0-468A-BB6B-F56429E07953}.Release|Any CPU.Build.0 = Release|Any CPU
		{7AD0DE87-15F2-493A-98BF-184C4FCC154A}.Debug|Any CPU.ActiveCfg = Debug|Any CPU
		{7AD0DE87-15F2-493A-98BF-184C4FCC154A}.Debug|Any CPU.Build.0 = Debug|Any CPU
		{7AD0DE87-15F2-493A-98BF-184C4FCC154A}.Release|Any CPU.ActiveCfg = Release|Any CPU
		{7AD0DE87-15F2-493A-98BF-184C4FCC154A}.Release|Any CPU.Build.0 = Release|Any CPU
	EndGlobalSection
	GlobalSection(SolutionProperties) = preSolution
		HideSolutionNode = FALSE
	EndGlobalSection
	GlobalSection(ExtensibilityGlobals) = postSolution
		SolutionGuid = {A4179E64-C549-4462-B0B8-72C3E8435100}
	EndGlobalSection
EndGlobal
